
Microsoft Visual Studio Solution File, Format Version 12.00
# Visual Studio Version 17
VisualStudioVersion = 17.2.32602.215
MinimumVisualStudioVersion = 10.0.40219.1
Project("{FAE04EC0-301F-11D3-BF4B-00C04F79EFBC}") = "TangyWeb_Server", "TangyWeb_Server\TangyWeb_Server.csproj", "{C6E46F94-A12E-4291-840F-4164C00F8DED}"
EndProject
Global
	GlobalSection(SolutionConfigurationPlatforms) = preSolution
		Debug|Any CPU = Debug|Any CPU
		Release|Any CPU = Release|Any CPU
	EndGlobalSection
	GlobalSection(ProjectConfigurationPlatforms) = postSolution
		{C6E46F94-A12E-4291-840F-4164C00F8DED}.Debug|Any CPU.ActiveCfg = Debug|Any CPU
		{C6E46F94-A12E-4291-840F-4164C00F8DED}.Debug|Any CPU.Build.0 = Debug|Any CPU
		{C6E46F94-A12E-4291-840F-4164C00F8DED}.Release|Any CPU.ActiveCfg = Release|Any CPU
		{C6E46F94-A12E-4291-840F-4164C00F8DED}.Release|Any CPU.Build.0 = Release|Any CPU
	EndGlobalSection
	GlobalSection(SolutionProperties) = preSolution
		HideSolutionNode = FALSE
	EndGlobalSection
	GlobalSection(ExtensibilityGlobals) = postSolution
		SolutionGuid = {149A9C4A-F53F-4D11-AA1B-F79A9D53AA50}
	EndGlobalSection
EndGlobal
